
Microsoft Visual Studio Solution File, Format Version 12.00
# Visual Studio Version 17
VisualStudioVersion = 17.9.34728.123
MinimumVisualStudioVersion = 10.0.40219.1
Project("{9A19103F-16F7-4668-BE54-9A1E7A4F7556}") = "Entity", "Entity\Entity.csproj", "{78C9B20A-EAB7-48EE-9650-E2F9168884F2}"
EndProject
Project("{9A19103F-16F7-4668-BE54-9A1E7A4F7556}") = "WebAppRazor", "WebAppRazor\WebAppRazor.csproj", "{45503430-DD2F-4B6B-9635-A716BB741FA6}"
EndProject
Global
	GlobalSection(SolutionConfigurationPlatforms) = preSolution
		Debug|Any CPU = Debug|Any CPU
		Release|Any CPU = Release|Any CPU
	EndGlobalSection
	GlobalSection(ProjectConfigurationPlatforms) = postSolution
		{78C9B20A-EAB7-48EE-9650-E2F9168884F2}.Debug|Any CPU.ActiveCfg = Debug|Any CPU
		{78C9B20A-EAB7-48EE-9650-E2F9168884F2}.Debug|Any CPU.Build.0 = Debug|Any CPU
		{78C9B20A-EAB7-48EE-9650-E2F9168884F2}.Release|Any CPU.ActiveCfg = Release|Any CPU
		{78C9B20A-EAB7-48EE-9650-E2F9168884F2}.Release|Any CPU.Build.0 = Release|Any CPU
		{45503430-DD2F-4B6B-9635-A716BB741FA6}.Debug|Any CPU.ActiveCfg = Debug|Any CPU
		{45503430-DD2F-4B6B-9635-A716BB741FA6}.Debug|Any CPU.Build.0 = Debug|Any CPU
		{45503430-DD2F-4B6B-9635-A716BB741FA6}.Release|Any CPU.ActiveCfg = Release|Any CPU
		{45503430-DD2F-4B6B-9635-A716BB741FA6}.Release|Any CPU.Build.0 = Release|Any CPU
	EndGlobalSection
	GlobalSection(SolutionProperties) = preSolution
		HideSolutionNode = FALSE
	EndGlobalSection
	GlobalSection(ExtensibilityGlobals) = postSolution
		SolutionGuid = {3982204D-3092-4634-8772-8D68A404DE3E}
	EndGlobalSection
EndGlobal
